schema: '2.0'
stages:
  load_data:
    cmd: python src/stage_01_load_save.py --config=config/config.yaml
    deps:
    - path: config/config.yaml
      md5: b4160d9570a52fcec41d069167ddc2ed
      size: 205
    - path: src/stage_01_load_save.py
      md5: c1423a2b371f8d876bc6a2125a16da8c
      size: 1062
    - path: src/utils/all_utils.py
      md5: 45ca3e6d3253e6b44ae4f40fcf13c9b4
      size: 720
    outs:
    - path: artifacts/raw_local_dir/data.csv
      md5: 6a883fd98624e18c0b7ce251f4fab4fb
      size: 100951
      isexec: true
