schema: '2.0'
stages:
  load_data:
    cmd: python src/stage_01_load_save.py --config=config/config.yaml
    deps:
    - path: config/config.yaml
      md5: 9eaf5ee2b48ae556996120c5d41882b3
      size: 395
    - path: src/stage_01_load_save.py
      md5: c1423a2b371f8d876bc6a2125a16da8c
      size: 1062
    - path: src/utils/all_utils.py
      md5: 45ca3e6d3253e6b44ae4f40fcf13c9b4
      size: 720
    outs:
    - path: artifacts/raw_local_dir/data.csv
      md5: 6a883fd98624e18c0b7ce251f4fab4fb
      size: 100951
      isexec: true
  split_data:
    cmd: python src/stage_02_split_data.py --config=config/config.yaml --params=params.yaml
    deps:
    - path: artifacts/raw_local_dir/data.csv
      md5: 6a883fd98624e18c0b7ce251f4fab4fb
      size: 100951
    - path: config/config.yaml
      md5: 9eaf5ee2b48ae556996120c5d41882b3
      size: 395
    - path: src/stage_02_split_data.py
      md5: 30621da5cd6e369df73735c2cacff1a2
      size: 1671
    - path: src/utils/all_utils.py
      md5: 45ca3e6d3253e6b44ae4f40fcf13c9b4
      size: 720
    params:
      params.yaml:
        base.random_state: 42
        base.test_size: 0.3
    outs:
    - path: artifacts/split_data_dir/test.csv
      md5: 82dbb29f6bacf8f8eacf612bad5fbd16
      size: 28533
      isexec: true
    - path: artifacts/split_data_dir/train.csv
      md5: 3e905e4642cfd245ad8aaa2be09a9550
      size: 66635
      isexec: true
  train:
    cmd: python src/stage_03_train.py --config=config/config.yaml --params=params.yaml
    deps:
    - path: artifacts/split_data_dir/train.csv
      md5: 3e905e4642cfd245ad8aaa2be09a9550
      size: 66635
    - path: config/config.yaml
      md5: 9eaf5ee2b48ae556996120c5d41882b3
      size: 395
    - path: src/stage_03_train.py
      md5: 924111b1865c72ab47bc8b952ce73d71
      size: 1578
    - path: src/utils/all_utils.py
      md5: 45ca3e6d3253e6b44ae4f40fcf13c9b4
      size: 720
    params:
      params.yaml:
        base.random_state: 42
        model_params.ElasticNet.alpha: 0.5
        model_params.ElasticNet.l1_ratio: 0.5
    outs:
    - path: artifacts/model_dir/ElasticNet.model
      md5: 2031c5113f76b01a25a442b471955cf7
      size: 1369
      isexec: true
  evaluate:
    cmd: python src/stage_04_evaluate.py --config=config/config.yaml --params=params.yaml
    deps:
    - path: artifacts/model_dir/ElasticNet.model
      md5: 2031c5113f76b01a25a442b471955cf7
      size: 1369
    - path: artifacts/split_data_dir/test.csv
      md5: 82dbb29f6bacf8f8eacf612bad5fbd16
      size: 28533
    - path: config/config.yaml
      md5: 9eaf5ee2b48ae556996120c5d41882b3
      size: 395
    - path: src/stage_04_evaluate.py
      md5: 30cb543c2e4daefa2d8105a16537595a
      size: 2065
    - path: src/utils/all_utils.py
      md5: 45ca3e6d3253e6b44ae4f40fcf13c9b4
      size: 720
    outs:
    - path: artifacts/reports_dir/scores.json
      md5: 0c5d4198364b857d9f249c16463c99d8
      size: 96
      isexec: true
